
Microsoft Visual Studio Solution File, Format Version 12.00
# Visual Studio Version 17
VisualStudioVersion = 17.2.32519.379
MinimumVisualStudioVersion = 10.0.40219.1
Project("{FAE04EC0-301F-11D3-BF4B-00C04F79EFBC}") = "Adapter", "Adapter\Adapter.csproj", "{C77E36FA-72F6-42AC-B4A0-220608A012D2}"
EndProject
Project("{FAE04EC0-301F-11D3-BF4B-00C04F79EFBC}") = "Decorator", "Decorator\Decorator.csproj", "{B9AEBAAC-26B4-4956-81E6-B7B97F4F6D20}"
EndProject
Project("{FAE04EC0-301F-11D3-BF4B-00C04F79EFBC}") = "State", "State\State.csproj", "{D1F8CFC7-FA47-4507-856F-BA94C93667C4}"
EndProject
Project("{FAE04EC0-301F-11D3-BF4B-00C04F79EFBC}") = "Strategy", "Strategy\Strategy.csproj", "{4F323AC7-8D15-4C31-8D3B-2163EBB7F251}"
EndProject
Project("{FAE04EC0-301F-11D3-BF4B-00C04F79EFBC}") = "Visitor", "Visitor\Visitor.csproj", "{686CD0CE-84E8-4D91-8019-2B72168A0195}"
EndProject
Global
	GlobalSection(SolutionConfigurationPlatforms) = preSolution
		Debug|Any CPU = Debug|Any CPU
		Release|Any CPU = Release|Any CPU
	EndGlobalSection
	GlobalSection(ProjectConfigurationPlatforms) = postSolution
		{C77E36FA-72F6-42AC-B4A0-220608A012D2}.Debug|Any CPU.ActiveCfg = Debug|Any CPU
		{C77E36FA-72F6-42AC-B4A0-220608A012D2}.Debug|Any CPU.Build.0 = Debug|Any CPU
		{C77E36FA-72F6-42AC-B4A0-220608A012D2}.Release|Any CPU.ActiveCfg = Release|Any CPU
		{C77E36FA-72F6-42AC-B4A0-220608A012D2}.Release|Any CPU.Build.0 = Release|Any CPU
		{B9AEBAAC-26B4-4956-81E6-B7B97F4F6D20}.Debug|Any CPU.ActiveCfg = Debug|Any CPU
		{B9AEBAAC-26B4-4956-81E6-B7B97F4F6D20}.Debug|Any CPU.Build.0 = Debug|Any CPU
		{B9AEBAAC-26B4-4956-81E6-B7B97F4F6D20}.Release|Any CPU.ActiveCfg = Release|Any CPU
		{B9AEBAAC-26B4-4956-81E6-B7B97F4F6D20}.Release|Any CPU.Build.0 = Release|Any CPU
		{D1F8CFC7-FA47-4507-856F-BA94C93667C4}.Debug|Any CPU.ActiveCfg = Debug|Any CPU
		{D1F8CFC7-FA47-4507-856F-BA94C93667C4}.Debug|Any CPU.Build.0 = Debug|Any CPU
		{D1F8CFC7-FA47-4507-856F-BA94C93667C4}.Release|Any CPU.ActiveCfg = Release|Any CPU
		{D1F8CFC7-FA47-4507-856F-BA94C93667C4}.Release|Any CPU.Build.0 = Release|Any CPU
		{4F323AC7-8D15-4C31-8D3B-2163EBB7F251}.Debug|Any CPU.ActiveCfg = Debug|Any CPU
		{4F323AC7-8D15-4C31-8D3B-2163EBB7F251}.Debug|Any CPU.Build.0 = Debug|Any CPU
		{4F323AC7-8D15-4C31-8D3B-2163EBB7F251}.Release|Any CPU.ActiveCfg = Release|Any CPU
		{4F323AC7-8D15-4C31-8D3B-2163EBB7F251}.Release|Any CPU.Build.0 = Release|Any CPU
		{686CD0CE-84E8-4D91-8019-2B72168A0195}.Debug|Any CPU.ActiveCfg = Debug|Any CPU
		{686CD0CE-84E8-4D91-8019-2B72168A0195}.Debug|Any CPU.Build.0 = Debug|Any CPU
		{686CD0CE-84E8-4D91-8019-2B72168A0195}.Release|Any CPU.ActiveCfg = Release|Any CPU
		{686CD0CE-84E8-4D91-8019-2B72168A0195}.Release|Any CPU.Build.0 = Release|Any CPU
	EndGlobalSection
	GlobalSection(SolutionProperties) = preSolution
		HideSolutionNode = FALSE
	EndGlobalSection
	GlobalSection(ExtensibilityGlobals) = postSolution
		SolutionGuid = {F0B80989-6B3C-472D-A846-81BF709A11A0}
	EndGlobalSection
EndGlobal
